{
  "version": 4,
  "terraform_version": "1.5.7",
  "serial": 35,
  "lineage": "2e9c6554-7d9a-c22f-8fce-2b846c63eeed",
  "outputs": {
    "app_instance_ips": {
      "value": [
        "34.140.21.31"
      ],
      "type": [
        "tuple",
        [
          "string"
        ]
      ]
    },
    "db_connection_name": {
      "value": "adminserein:europe-west1:adminserein-postgres",
      "type": "string"
    }
  },
  "resources": [
    {
      "module": "module.compute",
      "mode": "managed",
      "type": "google_compute_instance",
      "name": "app",
      "provider": "provider[\"registry.terraform.io/hashicorp/google\"]",
      "instances": [
        {
          "schema_version": 6,
          "attributes": {
            "advanced_machine_features": [],
            "allow_stopping_for_update": null,
            "attached_disk": [],
            "boot_disk": [
              {
                "auto_delete": true,
                "device_name": "persistent-disk-0",
                "disk_encryption_key_raw": "",
                "disk_encryption_key_sha256": "",
                "initialize_params": [
                  {
                    "enable_confidential_compute": false,
                    "image": "https://www.googleapis.com/compute/v1/projects/debian-cloud/global/images/debian-12-bookworm-v20260210",
                    "labels": {},
                    "provisioned_iops": 0,
                    "provisioned_throughput": 0,
                    "resource_manager_tags": {},
                    "size": 20,
                    "storage_pool": "",
                    "type": "pd-balanced"
                  }
                ],
                "kms_key_self_link": "",
                "mode": "READ_WRITE",
                "source": "https://www.googleapis.com/compute/v1/projects/adminserein/zones/europe-west1-b/disks/adminserein-app-vm"
              }
            ],
            "can_ip_forward": false,
            "confidential_instance_config": [],
            "cpu_platform": "Intel Broadwell",
            "current_status": "RUNNING",
            "deletion_protection": false,
            "description": "",
            "desired_status": null,
            "effective_labels": {},
            "enable_display": false,
            "guest_accelerator": [],
            "hostname": "",
            "id": "projects/adminserein/zones/europe-west1-b/instances/adminserein-app-vm",
            "instance_id": "8687050986821376475",
            "label_fingerprint": "42WmSpB8rSM=",
            "labels": {},
            "machine_type": "e2-micro",
            "metadata": {
              "enable-oslogin": "TRUE"
            },
            "metadata_fingerprint": "o674Xi1egNI=",
            "metadata_startup_script": null,
            "min_cpu_platform": "",
            "name": "adminserein-app-vm",
            "network_interface": [
              {
                "access_config": [
                  {
                    "nat_ip": "34.140.21.31",
                    "network_tier": "PREMIUM",
                    "public_ptr_domain_name": ""
                  }
                ],
                "alias_ip_range": [],
                "internal_ipv6_prefix_length": 0,
                "ipv6_access_config": [],
                "ipv6_access_type": "",
                "ipv6_address": "",
                "name": "nic0",
                "network": "https://www.googleapis.com/compute/v1/projects/adminserein/global/networks/vpc-adminserein",
                "network_ip": "10.0.0.2",
                "nic_type": "",
                "queue_count": 0,
                "stack_type": "IPV4_ONLY",
                "subnetwork": "https://www.googleapis.com/compute/v1/projects/adminserein/regions/europe-west1/subnetworks/vpc-adminserein-subnet",
                "subnetwork_project": "adminserein"
              }
            ],
            "network_performance_config": [],
            "params": [],
            "project": "adminserein",
            "reservation_affinity": [],
            "resource_policies": [],
            "scheduling": [
              {
                "automatic_restart": true,
                "instance_termination_action": "",
                "local_ssd_recovery_timeout": [],
                "max_run_duration": [],
                "min_node_cpus": 0,
                "node_affinities": [],
                "on_host_maintenance": "MIGRATE",
                "on_instance_stop_action": [],
                "preemptible": false,
                "provisioning_model": "STANDARD"
              }
            ],
            "scratch_disk": [],
            "self_link": "https://www.googleapis.com/compute/v1/projects/adminserein/zones/europe-west1-b/instances/adminserein-app-vm",
            "service_account": [],
            "shielded_instance_config": [
              {
                "enable_integrity_monitoring": true,
                "enable_secure_boot": false,
                "enable_vtpm": true
              }
            ],
            "tags": [
              "web"
            ],
            "tags_fingerprint": "3d9fNIIa_10=",
            "terraform_labels": {},
            "timeouts": null,
            "zone": "europe-west1-b"
          },
          "sensitive_attributes": [],
          "private": "eyJlMmJmYjczMC1lY2FhLTExZTYtOGY4OC0zNDM2M2JjN2M0YzAiOnsiY3JlYXRlIjoxMjAwMDAwMDAwMDAwLCJkZWxldGUiOjEyMDAwMDAwMDAwMDAsInVwZGF0ZSI6MTIwMDAwMDAwMDAwMH0sInNjaGVtYV92ZXJzaW9uIjoiNiJ9",
          "dependencies": [
            "module.network.google_compute_network.vpc",
            "module.network.google_compute_subnetwork.primary"
          ]
        }
      ]
    },
    {
      "module": "module.network",
      "mode": "managed",
      "type": "google_compute_firewall",
      "name": "allow_http_https",
      "provider": "provider[\"registry.terraform.io/hashicorp/google\"]",
      "instances": [
        {
          "schema_version": 1,
          "attributes": {
            "allow": [
              {
                "ports": [
                  "80",
                  "443"
                ],
                "protocol": "tcp"
              }
            ],
            "creation_timestamp": "2026-02-23T06:41:31.714-08:00",
            "deny": [],
            "description": "",
            "destination_ranges": [],
            "direction": "INGRESS",
            "disabled": false,
            "enable_logging": null,
            "id": "projects/adminserein/global/firewalls/vpc-adminserein-allow-http-https",
            "log_config": [],
            "name": "vpc-adminserein-allow-http-https",
            "network": "https://www.googleapis.com/compute/v1/projects/adminserein/global/networks/vpc-adminserein",
            "priority": 1000,
            "project": "adminserein",
            "self_link": "https://www.googleapis.com/compute/v1/projects/adminserein/global/firewalls/vpc-adminserein-allow-http-https",
            "source_ranges": [
              "0.0.0.0/0"
            ],
            "source_service_accounts": [],
            "source_tags": [],
            "target_service_accounts": [],
            "target_tags": [
              "web"
            ],
            "timeouts": null
          },
          "sensitive_attributes": [],
          "private": "eyJlMmJmYjczMC1lY2FhLTExZTYtOGY4OC0zNDM2M2JjN2M0YzAiOnsiY3JlYXRlIjoxMjAwMDAwMDAwMDAwLCJkZWxldGUiOjEyMDAwMDAwMDAwMDAsInVwZGF0ZSI6MTIwMDAwMDAwMDAwMH0sInNjaGVtYV92ZXJzaW9uIjoiMSJ9",
          "dependencies": [
            "module.network.google_compute_network.vpc"
          ]
        }
      ]
    },
    {
      "module": "module.network",
      "mode": "managed",
      "type": "google_compute_firewall",
      "name": "allow_ssh",
      "provider": "provider[\"registry.terraform.io/hashicorp/google\"]",
      "instances": [
        {
          "schema_version": 1,
          "attributes": {
            "allow": [
              {
                "ports": [
                  "22"
                ],
                "protocol": "tcp"
              }
            ],
            "creation_timestamp": "2026-02-23T06:41:31.790-08:00",
            "deny": [],
            "description": "",
            "destination_ranges": [],
            "direction": "INGRESS",
            "disabled": false,
            "enable_logging": null,
            "id": "projects/adminserein/global/firewalls/vpc-adminserein-allow-ssh",
            "log_config": [],
            "name": "vpc-adminserein-allow-ssh",
            "network": "https://www.googleapis.com/compute/v1/projects/adminserein/global/networks/vpc-adminserein",
            "priority": 1000,
            "project": "adminserein",
            "self_link": "https://www.googleapis.com/compute/v1/projects/adminserein/global/firewalls/vpc-adminserein-allow-ssh",
            "source_ranges": [
              "0.0.0.0/0"
            ],
            "source_service_accounts": [],
            "source_tags": [],
            "target_service_accounts": [],
            "target_tags": [],
            "timeouts": null
          },
          "sensitive_attributes": [],
          "private": "eyJlMmJmYjczMC1lY2FhLTExZTYtOGY4OC0zNDM2M2JjN2M0YzAiOnsiY3JlYXRlIjoxMjAwMDAwMDAwMDAwLCJkZWxldGUiOjEyMDAwMDAwMDAwMDAsInVwZGF0ZSI6MTIwMDAwMDAwMDAwMH0sInNjaGVtYV92ZXJzaW9uIjoiMSJ9",
          "dependencies": [
            "module.network.google_compute_network.vpc"
          ]
        }
      ]
    },
    {
      "module": "module.network",
      "mode": "managed",
      "type": "google_compute_network",
      "name": "vpc",
      "provider": "provider[\"registry.terraform.io/hashicorp/google\"]",
      "instances": [
        {
          "schema_version": 0,
          "attributes": {
            "auto_create_subnetworks": false,
            "delete_default_routes_on_create": false,
            "description": "",
            "enable_ula_internal_ipv6": false,
            "gateway_ipv4": "",
            "id": "projects/adminserein/global/networks/vpc-adminserein",
            "internal_ipv6_range": "",
            "mtu": 0,
            "name": "vpc-adminserein",
            "network_firewall_policy_enforcement_order": "AFTER_CLASSIC_FIREWALL",
            "numeric_id": "2247363897226025471",
            "project": "adminserein",
            "routing_mode": "REGIONAL",
            "self_link": "https://www.googleapis.com/compute/v1/projects/adminserein/global/networks/vpc-adminserein",
            "timeouts": null
          },
          "sensitive_attributes": [],
          "private": "eyJlMmJmYjczMC1lY2FhLTExZTYtOGY4OC0zNDM2M2JjN2M0YzAiOnsiY3JlYXRlIjoxMjAwMDAwMDAwMDAwLCJkZWxldGUiOjEyMDAwMDAwMDAwMDAsInVwZGF0ZSI6MTIwMDAwMDAwMDAwMH19"
        }
      ]
    },
    {
      "module": "module.network",
      "mode": "managed",
      "type": "google_compute_subnetwork",
      "name": "primary",
      "provider": "provider[\"registry.terraform.io/hashicorp/google\"]",
      "instances": [
        {
          "schema_version": 0,
          "attributes": {
            "creation_timestamp": "2026-02-23T06:41:34.834-08:00",
            "description": "",
            "external_ipv6_prefix": "",
            "fingerprint": null,
            "gateway_address": "10.0.0.1",
            "id": "projects/adminserein/regions/europe-west1/subnetworks/vpc-adminserein-subnet",
            "internal_ipv6_prefix": "",
            "ip_cidr_range": "10.0.0.0/24",
            "ipv6_access_type": "",
            "ipv6_cidr_range": "",
            "log_config": [],
            "name": "vpc-adminserein-subnet",
            "network": "https://www.googleapis.com/compute/v1/projects/adminserein/global/networks/vpc-adminserein",
            "private_ip_google_access": false,
            "private_ipv6_google_access": "DISABLE_GOOGLE_ACCESS",
            "project": "adminserein",
            "purpose": "PRIVATE",
            "region": "europe-west1",
            "role": "",
            "secondary_ip_range": [],
            "self_link": "https://www.googleapis.com/compute/v1/projects/adminserein/regions/europe-west1/subnetworks/vpc-adminserein-subnet",
            "send_secondary_ip_range_if_empty": null,
            "stack_type": "IPV4_ONLY",
            "timeouts": null
          },
          "sensitive_attributes": [],
          "private": "eyJlMmJmYjczMC1lY2FhLTExZTYtOGY4OC0zNDM2M2JjN2M0YzAiOnsiY3JlYXRlIjoxMjAwMDAwMDAwMDAwLCJkZWxldGUiOjEyMDAwMDAwMDAwMDAsInVwZGF0ZSI6MTIwMDAwMDAwMDAwMH19",
          "dependencies": [
            "module.network.google_compute_network.vpc"
          ]
        }
      ]
    },
    {
      "module": "module.sql",
      "mode": "managed",
      "type": "google_sql_database",
      "name": "app_db",
      "provider": "provider[\"registry.terraform.io/hashicorp/google\"]",
      "instances": [
        {
          "schema_version": 0,
          "attributes": {
            "charset": "UTF8",
            "collation": "en_US.UTF8",
            "deletion_policy": "DELETE",
            "id": "projects/adminserein/instances/adminserein-postgres/databases/adminserein",
            "instance": "adminserein-postgres",
            "name": "adminserein",
            "project": "adminserein",
            "self_link": "https://sqladmin.googleapis.com/sql/v1beta4/projects/adminserein/instances/adminserein-postgres/databases/adminserein",
            "timeouts": null
          },
          "sensitive_attributes": [],
          "private": "eyJlMmJmYjczMC1lY2FhLTExZTYtOGY4OC0zNDM2M2JjN2M0YzAiOnsiY3JlYXRlIjoxMjAwMDAwMDAwMDAwLCJkZWxldGUiOjEyMDAwMDAwMDAwMDAsInVwZGF0ZSI6MTIwMDAwMDAwMDAwMH19",
          "dependencies": [
            "module.sql.google_sql_database_instance.postgres"
          ]
        }
      ]
    },
    {
      "module": "module.sql",
      "mode": "managed",
      "type": "google_sql_database_instance",
      "name": "postgres",
      "provider": "provider[\"registry.terraform.io/hashicorp/google\"]",
      "instances": [
        {
          "schema_version": 0,
          "attributes": {
            "available_maintenance_versions": [],
            "clone": [],
            "connection_name": "adminserein:europe-west1:adminserein-postgres",
            "database_version": "POSTGRES_15",
            "deletion_protection": true,
            "dns_name": "",
            "encryption_key_name": null,
            "first_ip_address": "34.76.65.12",
            "id": "adminserein-postgres",
            "instance_type": "CLOUD_SQL_INSTANCE",
            "ip_address": [
              {
                "ip_address": "34.76.65.12",
                "time_to_retire": "",
                "type": "PRIMARY"
              },
              {
                "ip_address": "34.78.148.230",
                "time_to_retire": "",
                "type": "OUTGOING"
              }
            ],
            "maintenance_version": "POSTGRES_15_16.R20260108.01_13",
            "master_instance_name": "",
            "name": "adminserein-postgres",
            "private_ip_address": "",
            "project": "adminserein",
            "psc_service_attachment_link": "",
            "public_ip_address": "34.76.65.12",
            "region": "europe-west1",
            "replica_configuration": [],
            "restore_backup_context": [],
            "root_password": null,
            "self_link": "https://sqladmin.googleapis.com/sql/v1beta4/projects/adminserein/instances/adminserein-postgres",
            "server_ca_cert": [
              {
                "cert": "-----BEGIN CERTIFICATE-----\nMIIDfzCCAmegAwIBAgIBADANBgkqhkiG9w0BAQsFADB3MS0wKwYDVQQuEyQ3Y2Ri\nOWQyMi03NDdhLTQ3OWUtODk1Yi1jNjIxMjQ4NGYyZmQxIzAhBgNVBAMTGkdvb2ds\nZSBDbG91ZCBTUUwgU2VydmVyIENBMRQwEgYDVQQKEwtHb29nbGUsIEluYzELMAkG\nA1UEBhMCVVMwHhcNMjYwMjIzMTQ0MzU5WhcNMzYwMjIxMTQ0NDU5WjB3MS0wKwYD\nVQQuEyQ3Y2RiOWQyMi03NDdhLTQ3OWUtODk1Yi1jNjIxMjQ4NGYyZmQxIzAhBgNV\nBAMTGkdvb2dsZSBDbG91ZCBTUUwgU2VydmVyIENBMRQwEgYDVQQKEwtHb29nbGUs\nIEluYzELMAkGA1UEBhMCVVMwggEiMA0GCSqGSIb3DQEBAQUAA4IBDwAwggEKAoIB\nAQCkx1P+xsP/2AqTjPQPS782QQE+Wzeffby7SsIMvvVIgtnOVNRBGQMkWMLFBeZA\ng1YcN+4D8FLAEAqFT3CfmTMyPz2pYNlVH7dlQmenE7Xd7+oqEiNg2Nna0UtVVLKx\nNJN8XjS7k/rPxgazwHSvTS/AIkXLwEYUGJ0ckFd70ixu9aFrBCvQN3YmaXyQun2z\nTdts456BvrJcAxBIGLoPuM9aTAta4Cc8BolvCkzCwaXzDPkrikmKUISyH6txxTpV\n/+HCUnRDdzl2tMOf1ONDCClFiyrJeZZMxsGkFc8IqK78J8rdL4itwDJHMQJvNqJV\nid9BFAH0TwBLQ+f+j2lNXTOJAgMBAAGjFjAUMBIGA1UdEwEB/wQIMAYBAf8CAQAw\nDQYJKoZIhvcNAQELBQADggEBAHVJCuNSgk4u2Qw7ePykUzkGaKcwKP6qktbGCUju\nCayRBc15waZGn2M154spgHjtzAHdmXbzEsRT/iQFEtlHMVKy23Wc+FnFVeBkoo8v\n1oZPxJgugikVFapRqLex3tuWKLJfLhv3jL3rLLgKvCM7+6SGzhVooIamf1PeZFEQ\nE7yok4DP4+qByV/08VukBnf8oB06ASMULVGQ6PykoLvFAEkaVgdcIXRDkSiEMUpT\n5cUfCUvKGHMb9eGb9YaaFXWaAfo9QBdo3aqNWfLsRFVeVloe7Ccs6H4/I5U2v/eH\nCNlnbRYCxrLg2/neMOLqeeoIh/TI+gnkQVbQkGw7HoSB/Ks=\n-----END CERTIFICATE-----",
                "common_name": "C=US,O=Google\\, Inc,CN=Google Cloud SQL Server CA,dnQualifier=7cdb9d22-747a-479e-895b-c6212484f2fd",
                "create_time": "2026-02-23T14:43:59.762Z",
                "expiration_time": "2036-02-21T14:44:59.762Z",
                "sha1_fingerprint": "0a79a905f3f835f89745e5a21e3471b178c85c26"
              }
            ],
            "service_account_email_address": "p373316848989-64ofin@gcp-sa-cloud-sql.iam.gserviceaccount.com",
            "settings": [
              {
                "activation_policy": "ALWAYS",
                "active_directory_config": [],
                "advanced_machine_features": [],
                "availability_type": "ZONAL",
                "backup_configuration": [
                  {
                    "backup_retention_settings": [
                      {
                        "retained_backups": 7,
                        "retention_unit": "COUNT"
                      }
                    ],
                    "binary_log_enabled": false,
                    "enabled": false,
                    "location": "",
                    "point_in_time_recovery_enabled": false,
                    "start_time": "17:00",
                    "transaction_log_retention_days": 7
                  }
                ],
                "collation": "",
                "connector_enforcement": "NOT_REQUIRED",
                "data_cache_config": [],
                "database_flags": [],
                "deletion_protection_enabled": false,
                "deny_maintenance_period": [],
                "disk_autoresize": true,
                "disk_autoresize_limit": 0,
                "disk_size": 20,
                "disk_type": "PD_SSD",
                "edition": "ENTERPRISE",
                "enable_dataplex_integration": false,
                "enable_google_ml_integration": false,
                "insights_config": [],
                "ip_configuration": [
                  {
                    "allocated_ip_range": "",
                    "authorized_networks": [],
                    "enable_private_path_for_google_cloud_services": false,
                    "ipv4_enabled": true,
                    "private_network": "",
                    "psc_config": [],
                    "require_ssl": false,
                    "server_ca_mode": "GOOGLE_MANAGED_INTERNAL_CA",
                    "ssl_mode": ""
                  }
                ],
                "location_preference": [
                  {
                    "follow_gae_application": "",
                    "secondary_zone": "",
                    "zone": "europe-west1-d"
                  }
                ],
                "maintenance_window": [],
                "password_validation_policy": [],
                "pricing_plan": "PER_USE",
                "sql_server_audit_config": [],
                "tier": "db-f1-micro",
                "time_zone": "",
                "user_labels": {},
                "version": 1
              }
            ],
            "timeouts": null
          },
          "sensitive_attributes": [],
          "private": "eyJlMmJmYjczMC1lY2FhLTExZTYtOGY4OC0zNDM2M2JjN2M0YzAiOnsiY3JlYXRlIjo1NDAwMDAwMDAwMDAwLCJkZWxldGUiOjU0MDAwMDAwMDAwMDAsInVwZGF0ZSI6NTQwMDAwMDAwMDAwMH19"
        }
      ]
    },
    {
      "module": "module.sql",
      "mode": "managed",
      "type": "google_sql_user",
      "name": "app_user",
      "provider": "provider[\"registry.terraform.io/hashicorp/google\"]",
      "instances": [
        {
          "schema_version": 1,
          "attributes": {
            "deletion_policy": null,
            "host": "",
            "id": "app_user//adminserein-postgres",
            "instance": "adminserein-postgres",
            "name": "app_user",
            "password": "CHANGE_ME",
            "password_policy": [],
            "project": "adminserein",
            "sql_server_user_details": [],
            "timeouts": null,
            "type": ""
          },
          "sensitive_attributes": [
            [
              {
                "type": "get_attr",
                "value": "password"
              }
            ]
          ],
          "private": "eyJlMmJmYjczMC1lY2FhLTExZTYtOGY4OC0zNDM2M2JjN2M0YzAiOnsiY3JlYXRlIjo2MDAwMDAwMDAwMDAsImRlbGV0ZSI6NjAwMDAwMDAwMDAwLCJ1cGRhdGUiOjYwMDAwMDAwMDAwMH0sInNjaGVtYV92ZXJzaW9uIjoiMSJ9",
          "dependencies": [
            "module.sql.google_sql_database_instance.postgres"
          ]
        }
      ]
    }
  ],
  "check_results": null
}
