{
  "version": 4,
  "terraform_version": "1.5.7",
  "serial": 18,
  "lineage": "9c57e873-22b3-8a35-ea30-32ddc06ee4fa",
  "outputs": {},
  "resources": [
    {
      "module": "module.sql",
      "mode": "managed",
      "type": "google_sql_database_instance",
      "name": "postgres",
      "provider": "provider[\"registry.terraform.io/hashicorp/google\"]",
      "instances": [
        {
          "schema_version": 0,
          "attributes": {
            "available_maintenance_versions": [],
            "clone": [],
            "connection_name": "adminserein:europe-west1:adminserein-postgres",
            "database_version": "POSTGRES_15",
            "deletion_protection": true,
            "dns_name": "",
            "encryption_key_name": null,
            "first_ip_address": "34.14.115.65",
            "id": "adminserein-postgres",
            "instance_type": "CLOUD_SQL_INSTANCE",
            "ip_address": [
              {
                "ip_address": "34.14.115.65",
                "time_to_retire": "",
                "type": "PRIMARY"
              },
              {
                "ip_address": "34.38.84.217",
                "time_to_retire": "",
                "type": "OUTGOING"
              }
            ],
            "maintenance_version": "POSTGRES_15_16.R20260108.01_13",
            "master_instance_name": "",
            "name": "adminserein-postgres",
            "private_ip_address": "",
            "project": "adminserein",
            "psc_service_attachment_link": "",
            "public_ip_address": "34.14.115.65",
            "region": "europe-west1",
            "replica_configuration": [],
            "restore_backup_context": [],
            "root_password": null,
            "self_link": "https://sqladmin.googleapis.com/sql/v1beta4/projects/adminserein/instances/adminserein-postgres",
            "server_ca_cert": [
              {
                "cert": "-----BEGIN CERTIFICATE-----\nMIIDfzCCAmegAwIBAgIBADANBgkqhkiG9w0BAQsFADB3MS0wKwYDVQQuEyQ4ZjQ3\nMTNmMS05MjUyLTQwYjUtOWUzNi04NDljMzhhOGVmYWExIzAhBgNVBAMTGkdvb2ds\nZSBDbG91ZCBTUUwgU2VydmVyIENBMRQwEgYDVQQKEwtHb29nbGUsIEluYzELMAkG\nA1UEBhMCVVMwHhcNMjYwMjIzMTc1MzI1WhcNMzYwMjIxMTc1NDI1WjB3MS0wKwYD\nVQQuEyQ4ZjQ3MTNmMS05MjUyLTQwYjUtOWUzNi04NDljMzhhOGVmYWExIzAhBgNV\nBAMTGkdvb2dsZSBDbG91ZCBTUUwgU2VydmVyIENBMRQwEgYDVQQKEwtHb29nbGUs\nIEluYzELMAkGA1UEBhMCVVMwggEiMA0GCSqGSIb3DQEBAQUAA4IBDwAwggEKAoIB\nAQC1yqYLHhk42XfNxFA0WfY00BEzkxcLIj5+XqxR7LTFu3xBEF4omCT3SgeBXUFe\nzyFv3zFjMhXGCttC1UpxJXSH1JWd82rljFp7CTx7ycFkAi6cyyF/QMPIjV18cBEv\nwEPy9ocv8I6UYVAMQPkndtgPZOdpyguoNI7LiEDzcK4LZrRf7urfvcCmOZ8QX+h5\nYlzWVN3tYNHmtlLQo1+SUCnVIHtcIB/j45aGuCvOrp/ECmxXpS9vbDRBnnjeMbc7\nZWFZGm9W7WMB/SLTBvdZu+PhpoFCOz1tlkla6s4tUX7w8NPlptOFXDiS8wM70dK1\n5QEBs5926Au8NVst7u4K3IgnAgMBAAGjFjAUMBIGA1UdEwEB/wQIMAYBAf8CAQAw\nDQYJKoZIhvcNAQELBQADggEBAFz9HpieY864EWmN0nUNAgK3b606q9DwB/fPt7E+\ndhGgUH//zmG9SXJMf/k9ZmzXq5Sk3L1wUIATtcAySYaIjCtvLS/8tloCnQei2Wbv\npTR8Z7r6Dc0UW5/1syOWZZY13iWvri4SMCyfAV6VwBSkRmd4V0xmB2nBAUMp2LD+\nBG/FnWDy9agTX5lSMZeYAlEN1V3PmWOR9qnEByh+uoGrcc5lsr4ZuoXTr/QZ/3pz\nIlVc/AkBgrIvKfGL62mvZVkU/5ZB9y2Q4UHqeia8XOvUQVMM3hCk1pa7QV5yORG/\n4GjfCGsHIjDbuZMFYukglLl2sNEzLaU3v5AraMCLIA0BqSI=\n-----END CERTIFICATE-----",
                "common_name": "C=US,O=Google\\, Inc,CN=Google Cloud SQL Server CA,dnQualifier=8f4713f1-9252-40b5-9e36-849c38a8efaa",
                "create_time": "2026-02-23T17:53:25.583Z",
                "expiration_time": "2036-02-21T17:54:25.583Z",
                "sha1_fingerprint": "b7e69f4e458b19c1610eb90fbc277c19ca121108"
              }
            ],
            "service_account_email_address": "p373316848989-s3ij02@gcp-sa-cloud-sql.iam.gserviceaccount.com",
            "settings": [
              {
                "activation_policy": "ALWAYS",
                "active_directory_config": [],
                "advanced_machine_features": [],
                "availability_type": "ZONAL",
                "backup_configuration": [
                  {
                    "backup_retention_settings": [
                      {
                        "retained_backups": 7,
                        "retention_unit": "COUNT"
                      }
                    ],
                    "binary_log_enabled": false,
                    "enabled": false,
                    "location": "",
                    "point_in_time_recovery_enabled": false,
                    "start_time": "13:00",
                    "transaction_log_retention_days": 7
                  }
                ],
                "collation": "",
                "connector_enforcement": "NOT_REQUIRED",
                "data_cache_config": [],
                "database_flags": [],
                "deletion_protection_enabled": false,
                "deny_maintenance_period": [],
                "disk_autoresize": true,
                "disk_autoresize_limit": 0,
                "disk_size": 20,
                "disk_type": "PD_SSD",
                "edition": "ENTERPRISE",
                "enable_dataplex_integration": false,
                "enable_google_ml_integration": false,
                "insights_config": [],
                "ip_configuration": [
                  {
                    "allocated_ip_range": "",
                    "authorized_networks": [],
                    "enable_private_path_for_google_cloud_services": false,
                    "ipv4_enabled": true,
                    "private_network": "",
                    "psc_config": [],
                    "require_ssl": false,
                    "server_ca_mode": "GOOGLE_MANAGED_INTERNAL_CA",
                    "ssl_mode": ""
                  }
                ],
                "location_preference": [
                  {
                    "follow_gae_application": "",
                    "secondary_zone": "",
                    "zone": "europe-west1-b"
                  }
                ],
                "maintenance_window": [],
                "password_validation_policy": [],
                "pricing_plan": "PER_USE",
                "sql_server_audit_config": [],
                "tier": "db-f1-micro",
                "time_zone": "",
                "user_labels": {},
                "version": 3
              }
            ],
            "timeouts": null
          },
          "sensitive_attributes": [],
          "private": "eyJlMmJmYjczMC1lY2FhLTExZTYtOGY4OC0zNDM2M2JjN2M0YzAiOnsiY3JlYXRlIjo1NDAwMDAwMDAwMDAwLCJkZWxldGUiOjU0MDAwMDAwMDAwMDAsInVwZGF0ZSI6NTQwMDAwMDAwMDAwMH19"
        }
      ]
    }
  ],
  "check_results": null
}
